
Microsoft Visual Studio Solution File, Format Version 12.00
# Visual Studio Version 16
VisualStudioVersion = 16.0.31005.135
MinimumVisualStudioVersion = 10.0.40219.1
Project("{FAE04EC0-301F-11D3-BF4B-00C04F79EFBC}") = "MovieMakerV1", "MovieMakerV1\MovieMakerV1.csproj", "{5DE3BA8C-DA8B-4275-BD89-21A9E4FA8217}"
EndProject
Global
	GlobalSection(SolutionConfigurationPlatforms) = preSolution
		Debug|Any CPU = Debug|Any CPU
		Release|Any CPU = Release|Any CPU
	EndGlobalSection
	GlobalSection(ProjectConfigurationPlatforms) = postSolution
		{5DE3BA8C-DA8B-4275-BD89-21A9E4FA8217}.Debug|Any CPU.ActiveCfg = Debug|Any CPU
		{5DE3BA8C-DA8B-4275-BD89-21A9E4FA8217}.Debug|Any CPU.Build.0 = Debug|Any CPU
		{5DE3BA8C-DA8B-4275-BD89-21A9E4FA8217}.Release|Any CPU.ActiveCfg = Release|Any CPU
		{5DE3BA8C-DA8B-4275-BD89-21A9E4FA8217}.Release|Any CPU.Build.0 = Release|Any CPU
	EndGlobalSection
	GlobalSection(SolutionProperties) = preSolution
		HideSolutionNode = FALSE
	EndGlobalSection
	GlobalSection(ExtensibilityGlobals) = postSolution
		SolutionGuid = {928386CD-0AF5-44F0-BD15-AD2AB3B7BEA2}
	EndGlobalSection
EndGlobal
